{
  "name": "@importok/react",
  "version": "0.8.7",
  "lockfileVersion": 3,
  "requires": true,
  "packages": {
    "": {
      "name": "@importok/react",
      "version": "0.8.7",
      "dependencies": {
        "@importok/javascript": "^0.8.6"
      },
      "peerDependencies": {
        "react": "^18.2.0"
      }
    },
    "node_modules/@importok/javascript": {
      "version": "0.8.6",
      "resolved": "https://registry.npmjs.org/@importok/javascript/-/javascript-0.8.6.tgz",
      "integrity": "sha512-YRRSk6wdj1eFd6Habk9jRRynArpRTTNnXbTs/Ojh5No9woz70gTxokZq1ETCV3tr2oLWH0e/zfmXWiboC3jGHA==",
      "dependencies": {
        "date-fns": "^3.1.0",
        "fastest-levenshtein": "^1.0.16",
        "libphonenumber-js": "^1.10.53",
        "papaparse": "^5.4.1",
        "xlsx": "https://cdn.sheetjs.com/xlsx-0.20.0/xlsx-0.20.0.tgz"
      }
    },
    "node_modules/date-fns": {
      "version": "3.3.1",
      "resolved": "https://registry.npmjs.org/date-fns/-/date-fns-3.3.1.tgz",
      "integrity": "sha512-y8e109LYGgoQDveiEBD3DYXKba1jWf5BA8YU1FL5Tvm0BTdEfy54WLCwnuYWZNnzzvALy/QQ4Hov+Q9RVRv+Zw==",
      "funding": {
        "type": "github",
        "url": "https://github.com/sponsors/kossnocorp"
      }
    },
    "node_modules/fastest-levenshtein": {
      "version": "1.0.16",
      "resolved": "https://registry.npmjs.org/fastest-levenshtein/-/fastest-levenshtein-1.0.16.tgz",
      "integrity": "sha512-eRnCtTTtGZFpQCwhJiUOuxPQWRXVKYDn0b2PeHfXL6/Zi53SLAzAHfVhVWK2AryC/WH05kGfxhFIPvTF0SXQzg==",
      "engines": {
        "node": ">= 4.9.1"
      }
    },
    "node_modules/js-tokens": {
      "version": "4.0.0",
      "resolved": "https://registry.npmjs.org/js-tokens/-/js-tokens-4.0.0.tgz",
      "integrity": "sha512-RdJUflcE3cUzKiMqQgsCu06FPu9UdIJO0beYbPhHN4k6apgJtifcoCtT9bcxOpYBtpD2kCM6Sbzg4CausW/PKQ==",
      "peer": true
    },
    "node_modules/libphonenumber-js": {
      "version": "1.10.56",
      "resolved": "https://registry.npmjs.org/libphonenumber-js/-/libphonenumber-js-1.10.56.tgz",
      "integrity": "sha512-d0GdKshNnyfl5gM7kZ9rXjGiAbxT/zCXp0k+EAzh8H4zrb2R7GXtMCrULrX7UQxtfx6CLy/vz/lomvW79FAFdA=="
    },
    "node_modules/loose-envify": {
      "version": "1.4.0",
      "resolved": "https://registry.npmjs.org/loose-envify/-/loose-envify-1.4.0.tgz",
      "integrity": "sha512-lyuxPGr/Wfhrlem2CL/UcnUc1zcqKAImBDzukY7Y5F/yQiNdko6+fRLevlw1HgMySw7f611UIY408EtxRSoK3Q==",
      "peer": true,
      "dependencies": {
        "js-tokens": "^3.0.0 || ^4.0.0"
      },
      "bin": {
        "loose-envify": "cli.js"
      }
    },
    "node_modules/papaparse": {
      "version": "5.4.1",
      "resolved": "https://registry.npmjs.org/papaparse/-/papaparse-5.4.1.tgz",
      "integrity": "sha512-HipMsgJkZu8br23pW15uvo6sib6wne/4woLZPlFf3rpDyMe9ywEXUsuD7+6K9PRkJlVT51j/sCOYDKGGS3ZJrw=="
    },
    "node_modules/react": {
      "version": "18.2.0",
      "resolved": "https://registry.npmjs.org/react/-/react-18.2.0.tgz",
      "integrity": "sha512-/3IjMdb2L9QbBdWiW5e3P2/npwMBaU9mHCSCUzNln0ZCYbcfTsGbTJrU/kGemdH2IWmB2ioZ+zkxtmq6g09fGQ==",
      "peer": true,
      "dependencies": {
        "loose-envify": "^1.1.0"
      },
      "engines": {
        "node": ">=0.10.0"
      }
    },
    "node_modules/xlsx": {
      "version": "0.20.0",
      "resolved": "https://cdn.sheetjs.com/xlsx-0.20.0/xlsx-0.20.0.tgz",
      "integrity": "sha512-adg5edVTkXXGTnb0iWrc3Z47ViGgwmD47yx6VfSCZhfdKPtHcElYGs48OtcO4nwOu90Pjz5mmyl0HLcvbSRYTQ==",
      "license": "Apache-2.0",
      "bin": {
        "xlsx": "bin/xlsx.njs"
      },
      "engines": {
        "node": ">=0.8"
      }
    }
  }
}
