{
  "name": "@importok/react",
  "version": "0.12.0",
  "lockfileVersion": 3,
  "requires": true,
  "packages": {
    "": {
      "name": "@importok/react",
      "version": "0.12.0",
      "dependencies": {
        "@importok/javascript": "^0.12"
      }
    },
    "node_modules/@importok/javascript": {
      "version": "0.12.0",
      "resolved": "https://registry.npmjs.org/@importok/javascript/-/javascript-0.12.0.tgz",
      "integrity": "sha512-MVolEGDDqfhP1ZB8mrv5RE6DVU3aJvxQD2i+kuiJkN2B0uGlCxzIdbAhfSUFP7TULFqbBVGX+0g28xhofcFfYg=="
    }
  }
}
