{
  "name": "@importok/react",
  "version": "0.14.3",
  "lockfileVersion": 3,
  "requires": true,
  "packages": {
    "": {
      "name": "@importok/react",
      "version": "0.14.3",
      "devDependencies": {
        "@types/react": "^18.3.3"
      },
      "peerDependencies": {
        "@importok/javascript": "^0.14"
      }
    },
    "node_modules/@importok/javascript": {
      "version": "0.14.4",
      "resolved": "https://registry.npmjs.org/@importok/javascript/-/javascript-0.14.4.tgz",
      "integrity": "sha512-hhmI+BqrsuzDmi6k1KuTQg1wXpY92O4avlqIfef9IMobbluqnj+dTEmHQZPlzi302BCtg1pgidohKYGXsjsXcA==",
      "peer": true
    },
    "node_modules/@types/prop-types": {
      "version": "15.7.12",
      "resolved": "https://registry.npmjs.org/@types/prop-types/-/prop-types-15.7.12.tgz",
      "integrity": "sha512-5zvhXYtRNRluoE/jAp4GVsSduVUzNWKkOZrCDBWYtE7biZywwdC2AcEzg+cSMLFRfVgeAFqpfNabiPjxFddV1Q==",
      "dev": true
    },
    "node_modules/@types/react": {
      "version": "18.3.5",
      "resolved": "https://registry.npmjs.org/@types/react/-/react-18.3.5.tgz",
      "integrity": "sha512-WeqMfGJLGuLCqHGYRGHxnKrXcTitc6L/nBUWfWPcTarG3t9PsquqUMuVeXZeca+mglY4Vo5GZjCi0A3Or2lnxA==",
      "dev": true,
      "dependencies": {
        "@types/prop-types": "*",
        "csstype": "^3.0.2"
      }
    },
    "node_modules/csstype": {
      "version": "3.1.3",
      "resolved": "https://registry.npmjs.org/csstype/-/csstype-3.1.3.tgz",
      "integrity": "sha512-M1uQkMl8rQK/szD0LNhtqxIPLpimGm8sOBwU7lLnCpSbTyY3yeU1Vc7l4KT5zT4s/yOxHH5O7tIuuLOCnLADRw==",
      "dev": true
    }
  }
}
